// !$*UTF8*$!
{
	archiveVersion = 1;
	classes = {
	};
	objectVersion = 50;
	objects = {

/* Begin PBXBuildFile section */
		A41A028427BA461D002E643D /* h5 in Resources */ = {isa = PBXBuildFile; fileRef = A41A028327BA461D002E643D /* h5 */; };
		A44A54DF262EA587002F5E3D /* AppDelegate.swift in Sources */ = {isa = PBXBuildFile; fileRef = A44A54DE262EA587002F5E3D /* AppDelegate.swift */; };
		A44A54E1262EA587002F5E3D /* SceneDelegate.swift in Sources */ = {isa = PBXBuildFile; fileRef = A44A54E0262EA587002F5E3D /* SceneDelegate.swift */; };
		A44A54E3262EA587002F5E3D /* ViewController.swift in Sources */ = {isa = PBXBuildFile; fileRef = A44A54E2262EA587002F5E3D /* ViewController.swift */; };
		A44A54E6262EA587002F5E3D /* Main.storyboard in Resources */ = {isa = PBXBuildFile; fileRef = A44A54E4262EA587002F5E3D /* Main.storyboard */; };
		A44A54E8262EA589002F5E3D /* Assets.xcassets in Resources */ = {isa = PBXBuildFile; fileRef = A44A54E7262EA589002F5E3D /* Assets.xcassets */; };
		A44A54EB262EA589002F5E3D /* LaunchScreen.storyboard in Resources */ = {isa = PBXBuildFile; fileRef = A44A54E9262EA589002F5E3D /* LaunchScreen.storyboard */; };
		A44A54F6262EA6F9002F5E3D /* LKAppServerController.swift in Sources */ = {isa = PBXBuildFile; fileRef = A44A54F5262EA6F9002F5E3D /* LKAppServerController.swift */; };
		A4983716262FBAF9005723FE /* LKDemoController.swift in Sources */ = {isa = PBXBuildFile; fileRef = A4983715262FBAF9005723FE /* LKDemoController.swift */; };
		A4983722262FCAB9005723FE /* Helper.swift in Sources */ = {isa = PBXBuildFile; fileRef = A4983721262FCAB9005723FE /* Helper.swift */; };
/* End PBXBuildFile section */

/* Begin PBXFileReference section */
		A41A028327BA461D002E643D /* h5 */ = {isa = PBXFileReference; lastKnownFileType = folder; path = h5; sourceTree = "<group>"; };
		A44A54DB262EA587002F5E3D /* NativeH5MixDemo.app */ = {isa = PBXFileReference; explicitFileType = wrapper.application; includeInIndex = 0; path = NativeH5MixDemo.app; sourceTree = BUILT_PRODUCTS_DIR; };
		A44A54DE262EA587002F5E3D /* AppDelegate.swift */ = {isa = PBXFileReference; lastKnownFileType = sourcecode.swift; path = AppDelegate.swift; sourceTree = "<group>"; };
		A44A54E0262EA587002F5E3D /* SceneDelegate.swift */ = {isa = PBXFileReference; lastKnownFileType = sourcecode.swift; path = SceneDelegate.swift; sourceTree = "<group>"; };
		A44A54E2262EA587002F5E3D /* ViewController.swift */ = {isa = PBXFileReference; lastKnownFileType = sourcecode.swift; path = ViewController.swift; sourceTree = "<group>"; };
		A44A54E5262EA587002F5E3D /* Base */ = {isa = PBXFileReference; lastKnownFileType = file.storyboard; name = Base; path = Base.lproj/Main.storyboard; sourceTree = "<group>"; };
		A44A54E7262EA589002F5E3D /* Assets.xcassets */ = {isa = PBXFileReference; lastKnownFileType = folder.assetcatalog; path = Assets.xcassets; sourceTree = "<group>"; };
		A44A54EA262EA589002F5E3D /* Base */ = {isa = PBXFileReference; lastKnownFileType = file.storyboard; name = Base; path = Base.lproj/LaunchScreen.storyboard; sourceTree = "<group>"; };
		A44A54EC262EA589002F5E3D /* Info.plist */ = {isa = PBXFileReference; lastKnownFileType = text.plist.xml; path = Info.plist; sourceTree = "<group>"; };
		A44A54F5262EA6F9002F5E3D /* LKAppServerController.swift */ = {isa = PBXFileReference; lastKnownFileType = sourcecode.swift; path = LKAppServerController.swift; sourceTree = "<group>"; };
		A4983715262FBAF9005723FE /* LKDemoController.swift */ = {isa = PBXFileReference; lastKnownFileType = sourcecode.swift; path = LKDemoController.swift; sourceTree = "<group>"; };
		A4983721262FCAB9005723FE /* Helper.swift */ = {isa = PBXFileReference; lastKnownFileType = sourcecode.swift; path = Helper.swift; sourceTree = "<group>"; };
/* End PBXFileReference section */

/* Begin PBXFrameworksBuildPhase section */
		A44A54D8262EA587002F5E3D /* Frameworks */ = {
			isa = PBXFrameworksBuildPhase;
			buildActionMask = 2147483647;
			files = (
			);
			runOnlyForDeploymentPostprocessing = 0;
		};
/* End PBXFrameworksBuildPhase section */

/* Begin PBXGroup section */
		A44A54D2262EA587002F5E3D = {
			isa = PBXGroup;
			children = (
				A44A54DD262EA587002F5E3D /* NativeH5MixDemo */,
				A44A54DC262EA587002F5E3D /* Products */,
			);
			sourceTree = "<group>";
		};
		A44A54DC262EA587002F5E3D /* Products */ = {
			isa = PBXGroup;
			children = (
				A44A54DB262EA587002F5E3D /* NativeH5MixDemo.app */,
			);
			name = Products;
			sourceTree = "<group>";
		};
		A44A54DD262EA587002F5E3D /* NativeH5MixDemo */ = {
			isa = PBXGroup;
			children = (
				A41A028327BA461D002E643D /* h5 */,
				A44A54DE262EA587002F5E3D /* AppDelegate.swift */,
				A44A54E0262EA587002F5E3D /* SceneDelegate.swift */,
				A44A54E2262EA587002F5E3D /* ViewController.swift */,
				A44A54E4262EA587002F5E3D /* Main.storyboard */,
				A44A54E7262EA589002F5E3D /* Assets.xcassets */,
				A44A54E9262EA589002F5E3D /* LaunchScreen.storyboard */,
				A44A54EC262EA589002F5E3D /* Info.plist */,
				A44A54F5262EA6F9002F5E3D /* LKAppServerController.swift */,
				A4983715262FBAF9005723FE /* LKDemoController.swift */,
				A4983721262FCAB9005723FE /* Helper.swift */,
			);
			path = NativeH5MixDemo;
			sourceTree = "<group>";
		};
/* End PBXGroup section */

/* Begin PBXNativeTarget section */
		A44A54DA262EA587002F5E3D /* NativeH5MixDemo */ = {
			isa = PBXNativeTarget;
			buildConfigurationList = A44A54EF262EA589002F5E3D /* Build configuration list for PBXNativeTarget "NativeH5MixDemo" */;
			buildPhases = (
				A44A54D7262EA587002F5E3D /* Sources */,
				A44A54D8262EA587002F5E3D /* Frameworks */,
				A44A54D9262EA587002F5E3D /* Resources */,
			);
			buildRules = (
			);
			dependencies = (
			);
			name = NativeH5MixDemo;
			productName = NativeH5MixDemo;
			productReference = A44A54DB262EA587002F5E3D /* NativeH5MixDemo.app */;
			productType = "com.apple.product-type.application";
		};
/* End PBXNativeTarget section */

/* Begin PBXProject section */
		A44A54D3262EA587002F5E3D /* Project object */ = {
			isa = PBXProject;
			attributes = {
				LastSwiftUpdateCheck = 1240;
				LastUpgradeCheck = 1240;
				TargetAttributes = {
					A44A54DA262EA587002F5E3D = {
						CreatedOnToolsVersion = 12.4;
					};
				};
			};
			buildConfigurationList = A44A54D6262EA587002F5E3D /* Build configuration list for PBXProject "NativeH5MixDemo" */;
			compatibilityVersion = "Xcode 9.3";
			developmentRegion = en;
			hasScannedForEncodings = 0;
			knownRegions = (
				en,
				Base,
			);
			mainGroup = A44A54D2262EA587002F5E3D;
			productRefGroup = A44A54DC262EA587002F5E3D /* Products */;
			projectDirPath = "";
			projectRoot = "";
			targets = (
				A44A54DA262EA587002F5E3D /* NativeH5MixDemo */,
			);
		};
/* End PBXProject section */

/* Begin PBXResourcesBuildPhase section */
		A44A54D9262EA587002F5E3D /* Resources */ = {
			isa = PBXResourcesBuildPhase;
			buildActionMask = 2147483647;
			files = (
				A44A54EB262EA589002F5E3D /* LaunchScreen.storyboard in Resources */,
				A44A54E8262EA589002F5E3D /* Assets.xcassets in Resources */,
				A44A54E6262EA587002F5E3D /* Main.storyboard in Resources */,
				A41A028427BA461D002E643D /* h5 in Resources */,
			);
			runOnlyForDeploymentPostprocessing = 0;
		};
/* End PBXResourcesBuildPhase section */

/* Begin PBXSourcesBuildPhase section */
		A44A54D7262EA587002F5E3D /* Sources */ = {
			isa = PBXSourcesBuildPhase;
			buildActionMask = 2147483647;
			files = (
				A44A54E3262EA587002F5E3D /* ViewController.swift in Sources */,
				A44A54F6262EA6F9002F5E3D /* LKAppServerController.swift in Sources */,
				A4983716262FBAF9005723FE /* LKDemoController.swift in Sources */,
				A44A54DF262EA587002F5E3D /* AppDelegate.swift in Sources */,
				A44A54E1262EA587002F5E3D /* SceneDelegate.swift in Sources */,
				A4983722262FCAB9005723FE /* Helper.swift in Sources */,
			);
			runOnlyForDeploymentPostprocessing = 0;
		};
/* End PBXSourcesBuildPhase section */

/* Begin PBXVariantGroup section */
		A44A54E4262EA587002F5E3D /* Main.storyboard */ = {
			isa = PBXVariantGroup;
			children = (
				A44A54E5262EA587002F5E3D /* Base */,
			);
			name = Main.storyboard;
			sourceTree = "<group>";
		};
		A44A54E9262EA589002F5E3D /* LaunchScreen.storyboard */ = {
			isa = PBXVariantGroup;
			children = (
				A44A54EA262EA589002F5E3D /* Base */,
			);
			name = LaunchScreen.storyboard;
			sourceTree = "<group>";
		};
/* End PBXVariantGroup section */

/* Begin XCBuildConfiguration section */
		A44A54ED262EA589002F5E3D /* Debug */ = {
			isa = XCBuildConfiguration;
			buildSettings = {
				ALWAYS_SEARCH_USER_PATHS = NO;
				CLANG_ANALYZER_NONNULL = YES;
				CLANG_ANALYZER_NUMBER_OBJECT_CONVERSION = YES_AGGRESSIVE;
				CLANG_CXX_LANGUAGE_STANDARD = "gnu++14";
				CLANG_CXX_LIBRARY = "libc++";
				CLANG_ENABLE_MODULES = YES;
				CLANG_ENABLE_OBJC_ARC = YES;
				CLANG_ENABLE_OBJC_WEAK = YES;
				CLANG_WARN_BLOCK_CAPTURE_AUTORELEASING = YES;
				CLANG_WARN_BOOL_CONVERSION = YES;
				CLANG_WARN_COMMA = YES;
				CLANG_WARN_CONSTANT_CONVERSION = YES;
				CLANG_WARN_DEPRECATED_OBJC_IMPLEMENTATIONS = YES;
				CLANG_WARN_DIRECT_OBJC_ISA_USAGE = YES_ERROR;
				CLANG_WARN_DOCUMENTATION_COMMENTS = YES;
				CLANG_WARN_EMPTY_BODY = YES;
				CLANG_WARN_ENUM_CONVERSION = YES;
				CLANG_WARN_INFINITE_RECURSION = YES;
				CLANG_WARN_INT_CONVERSION = YES;
				CLANG_WARN_NON_LITERAL_NULL_CONVERSION = YES;
				CLANG_WARN_OBJC_IMPLICIT_RETAIN_SELF = YES;
				CLANG_WARN_OBJC_LITERAL_CONVERSION = YES;
				CLANG_WARN_OBJC_ROOT_CLASS = YES_ERROR;
				CLANG_WARN_QUOTED_INCLUDE_IN_FRAMEWORK_HEADER = YES;
				CLANG_WARN_RANGE_LOOP_ANALYSIS = YES;
				CLANG_WARN_STRICT_PROTOTYPES = YES;
				CLANG_WARN_SUSPICIOUS_MOVE = YES;
				CLANG_WARN_UNGUARDED_AVAILABILITY = YES_AGGRESSIVE;
				CLANG_WARN_UNREACHABLE_CODE = YES;
				CLANG_WARN__DUPLICATE_METHOD_MATCH = YES;
				COPY_PHASE_STRIP = NO;
				DEBUG_INFORMATION_FORMAT = dwarf;
				ENABLE_STRICT_OBJC_MSGSEND = YES;
				ENABLE_TESTABILITY = YES;
				GCC_C_LANGUAGE_STANDARD = gnu11;
				GCC_DYNAMIC_NO_PIC = NO;
				GCC_NO_COMMON_BLOCKS = YES;
				GCC_OPTIMIZATION_LEVEL = 0;
				GCC_PREPROCESSOR_DEFINITIONS = (
					"DEBUG=1",
					"$(inherited)",
				);
				GCC_WARN_64_TO_32_BIT_CONVERSION = YES;
				GCC_WARN_ABOUT_RETURN_TYPE = YES_ERROR;
				GCC_WARN_UNDECLARED_SELECTOR = YES;
				GCC_WARN_UNINITIALIZED_AUTOS = YES_AGGRESSIVE;
				GCC_WARN_UNUSED_FUNCTION = YES;
				GCC_WARN_UNUSED_VARIABLE = YES;
				IPHONEOS_DEPLOYMENT_TARGET = 14.4;
				MTL_ENABLE_DEBUG_INFO = INCLUDE_SOURCE;
				MTL_FAST_MATH = YES;
				ONLY_ACTIVE_ARCH = YES;
				SDKROOT = iphoneos;
				SWIFT_ACTIVE_COMPILATION_CONDITIONS = DEBUG;
				SWIFT_OPTIMIZATION_LEVEL = "-Onone";
			};
			name = Debug;
		};
		A44A54EE262EA589002F5E3D /* Release */ = {
			isa = XCBuildConfiguration;
			buildSettings = {
				ALWAYS_SEARCH_USER_PATHS = NO;
				CLANG_ANALYZER_NONNULL = YES;
				CLANG_ANALYZER_NUMBER_OBJECT_CONVERSION = YES_AGGRESSIVE;
				CLANG_CXX_LANGUAGE_STANDARD = "gnu++14";
				CLANG_CXX_LIBRARY = "libc++";
				CLANG_ENABLE_MODULES = YES;
				CLANG_ENABLE_OBJC_ARC = YES;
				CLANG_ENABLE_OBJC_WEAK = YES;
				CLANG_WARN_BLOCK_CAPTURE_AUTORELEASING = YES;
				CLANG_WARN_BOOL_CONVERSION = YES;
				CLANG_WARN_COMMA = YES;
				CLANG_WARN_CONSTANT_CONVERSION = YES;
				CLANG_WARN_DEPRECATED_OBJC_IMPLEMENTATIONS = YES;
				CLANG_WARN_DIRECT_OBJC_ISA_USAGE = YES_ERROR;
				CLANG_WARN_DOCUMENTATION_COMMENTS = YES;
				CLANG_WARN_EMPTY_BODY = YES;
				CLANG_WARN_ENUM_CONVERSION = YES;
				CLANG_WARN_INFINITE_RECURSION = YES;
				CLANG_WARN_INT_CONVERSION = YES;
				CLANG_WARN_NON_LITERAL_NULL_CONVERSION = YES;
				CLANG_WARN_OBJC_IMPLICIT_RETAIN_SELF = YES;
				CLANG_WARN_OBJC_LITERAL_CONVERSION = YES;
				CLANG_WARN_OBJC_ROOT_CLASS = YES_ERROR;
				CLANG_WARN_QUOTED_INCLUDE_IN_FRAMEWORK_HEADER = YES;
				CLANG_WARN_RANGE_LOOP_ANALYSIS = YES;
				CLANG_WARN_STRICT_PROTOTYPES = YES;
				CLANG_WARN_SUSPICIOUS_MOVE = YES;
				CLANG_WARN_UNGUARDED_AVAILABILITY = YES_AGGRESSIVE;
				CLANG_WARN_UNREACHABLE_CODE = YES;
				CLANG_WARN__DUPLICATE_METHOD_MATCH = YES;
				COPY_PHASE_STRIP = NO;
				DEBUG_INFORMATION_FORMAT = "dwarf-with-dsym";
				ENABLE_NS_ASSERTIONS = NO;
				ENABLE_STRICT_OBJC_MSGSEND = YES;
				GCC_C_LANGUAGE_STANDARD = gnu11;
				GCC_NO_COMMON_BLOCKS = YES;
				GCC_WARN_64_TO_32_BIT_CONVERSION = YES;
				GCC_WARN_ABOUT_RETURN_TYPE = YES_ERROR;
				GCC_WARN_UNDECLARED_SELECTOR = YES;
				GCC_WARN_UNINITIALIZED_AUTOS = YES_AGGRESSIVE;
				GCC_WARN_UNUSED_FUNCTION = YES;
				GCC_WARN_UNUSED_VARIABLE = YES;
				IPHONEOS_DEPLOYMENT_TARGET = 14.4;
				MTL_ENABLE_DEBUG_INFO = NO;
				MTL_FAST_MATH = YES;
				SDKROOT = iphoneos;
				SWIFT_COMPILATION_MODE = wholemodule;
				SWIFT_OPTIMIZATION_LEVEL = "-O";
				VALIDATE_PRODUCT = YES;
			};
			name = Release;
		};
		A44A54F0262EA589002F5E3D /* Debug */ = {
			isa = XCBuildConfiguration;
			buildSettings = {
				ASSETCATALOG_COMPILER_APPICON_NAME = AppIcon;
				ASSETCATALOG_COMPILER_GLOBAL_ACCENT_COLOR_NAME = AccentColor;
				CODE_SIGN_IDENTITY = "iPhone Developer";
				CODE_SIGN_STYLE = Manual;
				DEVELOPMENT_TEAM = PV26RH2FGW;
				INFOPLIST_FILE = NativeH5MixDemo/Info.plist;
				IPHONEOS_DEPLOYMENT_TARGET = 11.0;
				LD_RUNPATH_SEARCH_PATHS = (
					"$(inherited)",
					"@executable_path/Frameworks",
				);
				PRODUCT_BUNDLE_IDENTIFIER = com.hkep.NativeH5MixDemo;
				PRODUCT_NAME = "$(TARGET_NAME)";
				PROVISIONING_PROFILE_SPECIFIER = "HKEP Development";
				SWIFT_VERSION = 5.0;
				TARGETED_DEVICE_FAMILY = "1,2";
			};
			name = Debug;
		};
		A44A54F1262EA589002F5E3D /* Release */ = {
			isa = XCBuildConfiguration;
			buildSettings = {
				ASSETCATALOG_COMPILER_APPICON_NAME = AppIcon;
				ASSETCATALOG_COMPILER_GLOBAL_ACCENT_COLOR_NAME = AccentColor;
				CODE_SIGN_IDENTITY = "iPhone Developer";
				CODE_SIGN_STYLE = Manual;
				DEVELOPMENT_TEAM = PV26RH2FGW;
				INFOPLIST_FILE = NativeH5MixDemo/Info.plist;
				IPHONEOS_DEPLOYMENT_TARGET = 11.0;
				LD_RUNPATH_SEARCH_PATHS = (
					"$(inherited)",
					"@executable_path/Frameworks",
				);
				PRODUCT_BUNDLE_IDENTIFIER = com.hkep.NativeH5MixDemo;
				PRODUCT_NAME = "$(TARGET_NAME)";
				PROVISIONING_PROFILE_SPECIFIER = "HKEP Development";
				SWIFT_VERSION = 5.0;
				TARGETED_DEVICE_FAMILY = "1,2";
			};
			name = Release;
		};
/* End XCBuildConfiguration section */

/* Begin XCConfigurationList section */
		A44A54D6262EA587002F5E3D /* Build configuration list for PBXProject "NativeH5MixDemo" */ = {
			isa = XCConfigurationList;
			buildConfigurations = (
				A44A54ED262EA589002F5E3D /* Debug */,
				A44A54EE262EA589002F5E3D /* Release */,
			);
			defaultConfigurationIsVisible = 0;
			defaultConfigurationName = Release;
		};
		A44A54EF262EA589002F5E3D /* Build configuration list for PBXNativeTarget "NativeH5MixDemo" */ = {
			isa = XCConfigurationList;
			buildConfigurations = (
				A44A54F0262EA589002F5E3D /* Debug */,
				A44A54F1262EA589002F5E3D /* Release */,
			);
			defaultConfigurationIsVisible = 0;
			defaultConfigurationName = Release;
		};
/* End XCConfigurationList section */
	};
	rootObject = A44A54D3262EA587002F5E3D /* Project object */;
}
